
Microsoft Visual Studio Solution File, Format Version 12.00
# Visual Studio Version 16
VisualStudioVersion = 16.0.29311.281
MinimumVisualStudioVersion = 10.0.40219.1
Project("{FAE04EC0-301F-11D3-BF4B-00C04F79EFBC}") = "Statistics", "Statistics\Statistics.csproj", "{002FDE61-6BBB-4FA5-896E-9841E275A411}"
EndProject
Global
	GlobalSection(SolutionConfigurationPlatforms) = preSolution
		Debug|Any CPU = Debug|Any CPU
		Release|Any CPU = Release|Any CPU
	EndGlobalSection
	GlobalSection(ProjectConfigurationPlatforms) = postSolution
		{002FDE61-6BBB-4FA5-896E-9841E275A411}.Debug|Any CPU.ActiveCfg = Debug|Any CPU
		{002FDE61-6BBB-4FA5-896E-9841E275A411}.Debug|Any CPU.Build.0 = Debug|Any CPU
		{002FDE61-6BBB-4FA5-896E-9841E275A411}.Release|Any CPU.ActiveCfg = Release|Any CPU
		{002FDE61-6BBB-4FA5-896E-9841E275A411}.Release|Any CPU.Build.0 = Release|Any CPU
	EndGlobalSection
	GlobalSection(SolutionProperties) = preSolution
		HideSolutionNode = FALSE
	EndGlobalSection
	GlobalSection(ExtensibilityGlobals) = postSolution
		SolutionGuid = {B8AED034-6B72-4F56-B9BD-8E9B322648B2}
	EndGlobalSection
EndGlobal
